// !$*UTF8*$!
{
	archiveVersion = 1;
	classes = {
	};
	objectVersion = 55;
	objects = {

/* Begin PBXBuildFile section */
		42946F34270F59F6006C3378 /* AppDelegate.swift in Sources */ = {isa = PBXBuildFile; fileRef = 42946F33270F59F6006C3378 /* AppDelegate.swift */; };
		42946F36270F59F6006C3378 /* SceneDelegate.swift in Sources */ = {isa = PBXBuildFile; fileRef = 42946F35270F59F6006C3378 /* SceneDelegate.swift */; };
		42946F38270F59F6006C3378 /* ViewController.swift in Sources */ = {isa = PBXBuildFile; fileRef = 42946F37270F59F6006C3378 /* ViewController.swift */; };
		42946F3B270F59F6006C3378 /* Main.storyboard in Resources */ = {isa = PBXBuildFile; fileRef = 42946F39270F59F6006C3378 /* Main.storyboard */; };
		42946F3D270F5A07006C3378 /* Assets.xcassets in Resources */ = {isa = PBXBuildFile; fileRef = 42946F3C270F5A07006C3378 /* Assets.xcassets */; };
		42946F40270F5A07006C3378 /* LaunchScreen.storyboard in Resources */ = {isa = PBXBuildFile; fileRef = 42946F3E270F5A07006C3378 /* LaunchScreen.storyboard */; };
		42946F4B270F5A08006C3378 /* ContadorDia1Tests.swift in Sources */ = {isa = PBXBuildFile; fileRef = 42946F4A270F5A08006C3378 /* ContadorDia1Tests.swift */; };
		42946F55270F5A08006C3378 /* ContadorDia1UITests.swift in Sources */ = {isa = PBXBuildFile; fileRef = 42946F54270F5A08006C3378 /* ContadorDia1UITests.swift */; };
		42946F57270F5A08006C3378 /* ContadorDia1UITestsLaunchTests.swift in Sources */ = {isa = PBXBuildFile; fileRef = 42946F56270F5A08006C3378 /* ContadorDia1UITestsLaunchTests.swift */; };
		42BC9200270FDCAC006860A8 /* Tarefas.swift in Sources */ = {isa = PBXBuildFile; fileRef = 42BC91FF270FDCAC006860A8 /* Tarefas.swift */; };
		42BC92042710759A006860A8 /* Unidade.swift in Sources */ = {isa = PBXBuildFile; fileRef = 42BC92032710759A006860A8 /* Unidade.swift */; };
/* End PBXBuildFile section */

/* Begin PBXContainerItemProxy section */
		42946F47270F5A08006C3378 /* PBXContainerItemProxy */ = {
			isa = PBXContainerItemProxy;
			containerPortal = 42946F28270F59F6006C3378 /* Project object */;
			proxyType = 1;
			remoteGlobalIDString = 42946F2F270F59F6006C3378;
			remoteInfo = ContadorDia1;
		};
		42946F51270F5A08006C3378 /* PBXContainerItemProxy */ = {
			isa = PBXContainerItemProxy;
			containerPortal = 42946F28270F59F6006C3378 /* Project object */;
			proxyType = 1;
			remoteGlobalIDString = 42946F2F270F59F6006C3378;
			remoteInfo = ContadorDia1;
		};
/* End PBXContainerItemProxy section */

/* Begin PBXFileReference section */
		42946F30270F59F6006C3378 /* ContadorDia1.app */ = {isa = PBXFileReference; explicitFileType = wrapper.application; includeInIndex = 0; path = ContadorDia1.app; sourceTree = BUILT_PRODUCTS_DIR; };
		42946F33270F59F6006C3378 /* AppDelegate.swift */ = {isa = PBXFileReference; lastKnownFileType = sourcecode.swift; path = AppDelegate.swift; sourceTree = "<group>"; };
		42946F35270F59F6006C3378 /* SceneDelegate.swift */ = {isa = PBXFileReference; lastKnownFileType = sourcecode.swift; path = SceneDelegate.swift; sourceTree = "<group>"; };
		42946F37270F59F6006C3378 /* ViewController.swift */ = {isa = PBXFileReference; lastKnownFileType = sourcecode.swift; path = ViewController.swift; sourceTree = "<group>"; };
		42946F3A270F59F6006C3378 /* Base */ = {isa = PBXFileReference; lastKnownFileType = file.storyboard; name = Base; path = Base.lproj/Main.storyboard; sourceTree = "<group>"; };
		42946F3C270F5A07006C3378 /* Assets.xcassets */ = {isa = PBXFileReference; lastKnownFileType = folder.assetcatalog; path = Assets.xcassets; sourceTree = "<group>"; };
		42946F3F270F5A07006C3378 /* Base */ = {isa = PBXFileReference; lastKnownFileType = file.storyboard; name = Base; path = Base.lproj/LaunchScreen.storyboard; sourceTree = "<group>"; };
		42946F41270F5A07006C3378 /* Info.plist */ = {isa = PBXFileReference; lastKnownFileType = text.plist.xml; path = Info.plist; sourceTree = "<group>"; };
		42946F46270F5A08006C3378 /* ContadorDia1Tests.xctest */ = {isa = PBXFileReference; explicitFileType = wrapper.cfbundle; includeInIndex = 0; path = ContadorDia1Tests.xctest; sourceTree = BUILT_PRODUCTS_DIR; };
		42946F4A270F5A08006C3378 /* ContadorDia1Tests.swift */ = {isa = PBXFileReference; lastKnownFileType = sourcecode.swift; path = ContadorDia1Tests.swift; sourceTree = "<group>"; };
		42946F50270F5A08006C3378 /* ContadorDia1UITests.xctest */ = {isa = PBXFileReference; explicitFileType = wrapper.cfbundle; includeInIndex = 0; path = ContadorDia1UITests.xctest; sourceTree = BUILT_PRODUCTS_DIR; };
		42946F54270F5A08006C3378 /* ContadorDia1UITests.swift */ = {isa = PBXFileReference; lastKnownFileType = sourcecode.swift; path = ContadorDia1UITests.swift; sourceTree = "<group>"; };
		42946F56270F5A08006C3378 /* ContadorDia1UITestsLaunchTests.swift */ = {isa = PBXFileReference; lastKnownFileType = sourcecode.swift; path = ContadorDia1UITestsLaunchTests.swift; sourceTree = "<group>"; };
		42BC91FF270FDCAC006860A8 /* Tarefas.swift */ = {isa = PBXFileReference; lastKnownFileType = sourcecode.swift; path = Tarefas.swift; sourceTree = "<group>"; };
		42BC92032710759A006860A8 /* Unidade.swift */ = {isa = PBXFileReference; lastKnownFileType = sourcecode.swift; path = Unidade.swift; sourceTree = "<group>"; };
/* End PBXFileReference section */

/* Begin PBXFrameworksBuildPhase section */
		42946F2D270F59F6006C3378 /* Frameworks */ = {
			isa = PBXFrameworksBuildPhase;
			buildActionMask = 2147483647;
			files = (
			);
			runOnlyForDeploymentPostprocessing = 0;
		};
		42946F43270F5A08006C3378 /* Frameworks */ = {
			isa = PBXFrameworksBuildPhase;
			buildActionMask = 2147483647;
			files = (
			);
			runOnlyForDeploymentPostprocessing = 0;
		};
		42946F4D270F5A08006C3378 /* Frameworks */ = {
			isa = PBXFrameworksBuildPhase;
			buildActionMask = 2147483647;
			files = (
			);
			runOnlyForDeploymentPostprocessing = 0;
		};
/* End PBXFrameworksBuildPhase section */

/* Begin PBXGroup section */
		42946F27270F59F6006C3378 = {
			isa = PBXGroup;
			children = (
				42946F32270F59F6006C3378 /* ContadorDia1 */,
				42946F49270F5A08006C3378 /* ContadorDia1Tests */,
				42946F53270F5A08006C3378 /* ContadorDia1UITests */,
				42946F31270F59F6006C3378 /* Products */,
			);
			sourceTree = "<group>";
		};
		42946F31270F59F6006C3378 /* Products */ = {
			isa = PBXGroup;
			children = (
				42946F30270F59F6006C3378 /* ContadorDia1.app */,
				42946F46270F5A08006C3378 /* ContadorDia1Tests.xctest */,
				42946F50270F5A08006C3378 /* ContadorDia1UITests.xctest */,
			);
			name = Products;
			sourceTree = "<group>";
		};
		42946F32270F59F6006C3378 /* ContadorDia1 */ = {
			isa = PBXGroup;
			children = (
				42946F33270F59F6006C3378 /* AppDelegate.swift */,
				42946F35270F59F6006C3378 /* SceneDelegate.swift */,
				42946F37270F59F6006C3378 /* ViewController.swift */,
				42946F39270F59F6006C3378 /* Main.storyboard */,
				42946F3C270F5A07006C3378 /* Assets.xcassets */,
				42946F3E270F5A07006C3378 /* LaunchScreen.storyboard */,
				42946F41270F5A07006C3378 /* Info.plist */,
				42BC91FF270FDCAC006860A8 /* Tarefas.swift */,
				42BC92032710759A006860A8 /* Unidade.swift */,
			);
			path = ContadorDia1;
			sourceTree = "<group>";
		};
		42946F49270F5A08006C3378 /* ContadorDia1Tests */ = {
			isa = PBXGroup;
			children = (
				42946F4A270F5A08006C3378 /* ContadorDia1Tests.swift */,
			);
			path = ContadorDia1Tests;
			sourceTree = "<group>";
		};
		42946F53270F5A08006C3378 /* ContadorDia1UITests */ = {
			isa = PBXGroup;
			children = (
				42946F54270F5A08006C3378 /* ContadorDia1UITests.swift */,
				42946F56270F5A08006C3378 /* ContadorDia1UITestsLaunchTests.swift */,
			);
			path = ContadorDia1UITests;
			sourceTree = "<group>";
		};
/* End PBXGroup section */

/* Begin PBXNativeTarget section */
		42946F2F270F59F6006C3378 /* ContadorDia1 */ = {
			isa = PBXNativeTarget;
			buildConfigurationList = 42946F5A270F5A08006C3378 /* Build configuration list for PBXNativeTarget "ContadorDia1" */;
			buildPhases = (
				42946F2C270F59F6006C3378 /* Sources */,
				42946F2D270F59F6006C3378 /* Frameworks */,
				42946F2E270F59F6006C3378 /* Resources */,
			);
			buildRules = (
			);
			dependencies = (
			);
			name = ContadorDia1;
			productName = ContadorDia1;
			productReference = 42946F30270F59F6006C3378 /* ContadorDia1.app */;
			productType = "com.apple.product-type.application";
		};
		42946F45270F5A08006C3378 /* ContadorDia1Tests */ = {
			isa = PBXNativeTarget;
			buildConfigurationList = 42946F5D270F5A08006C3378 /* Build configuration list for PBXNativeTarget "ContadorDia1Tests" */;
			buildPhases = (
				42946F42270F5A08006C3378 /* Sources */,
				42946F43270F5A08006C3378 /* Frameworks */,
				42946F44270F5A08006C3378 /* Resources */,
			);
			buildRules = (
			);
			dependencies = (
				42946F48270F5A08006C3378 /* PBXTargetDependency */,
			);
			name = ContadorDia1Tests;
			productName = ContadorDia1Tests;
			productReference = 42946F46270F5A08006C3378 /* ContadorDia1Tests.xctest */;
			productType = "com.apple.product-type.bundle.unit-test";
		};
		42946F4F270F5A08006C3378 /* ContadorDia1UITests */ = {
			isa = PBXNativeTarget;
			buildConfigurationList = 42946F60270F5A08006C3378 /* Build configuration list for PBXNativeTarget "ContadorDia1UITests" */;
			buildPhases = (
				42946F4C270F5A08006C3378 /* Sources */,
				42946F4D270F5A08006C3378 /* Frameworks */,
				42946F4E270F5A08006C3378 /* Resources */,
			);
			buildRules = (
			);
			dependencies = (
				42946F52270F5A08006C3378 /* PBXTargetDependency */,
			);
			name = ContadorDia1UITests;
			productName = ContadorDia1UITests;
			productReference = 42946F50270F5A08006C3378 /* ContadorDia1UITests.xctest */;
			productType = "com.apple.product-type.bundle.ui-testing";
		};
/* End PBXNativeTarget section */

/* Begin PBXProject section */
		42946F28270F59F6006C3378 /* Project object */ = {
			isa = PBXProject;
			attributes = {
				BuildIndependentTargetsInParallel = 1;
				LastSwiftUpdateCheck = 1300;
				LastUpgradeCheck = 1300;
				TargetAttributes = {
					42946F2F270F59F6006C3378 = {
						CreatedOnToolsVersion = 13.0;
					};
					42946F45270F5A08006C3378 = {
						CreatedOnToolsVersion = 13.0;
						TestTargetID = 42946F2F270F59F6006C3378;
					};
					42946F4F270F5A08006C3378 = {
						CreatedOnToolsVersion = 13.0;
						TestTargetID = 42946F2F270F59F6006C3378;
					};
				};
			};
			buildConfigurationList = 42946F2B270F59F6006C3378 /* Build configuration list for PBXProject "ContadorDia1" */;
			compatibilityVersion = "Xcode 13.0";
			developmentRegion = en;
			hasScannedForEncodings = 0;
			knownRegions = (
				en,
				Base,
			);
			mainGroup = 42946F27270F59F6006C3378;
			productRefGroup = 42946F31270F59F6006C3378 /* Products */;
			projectDirPath = "";
			projectRoot = "";
			targets = (
				42946F2F270F59F6006C3378 /* ContadorDia1 */,
				42946F45270F5A08006C3378 /* ContadorDia1Tests */,
				42946F4F270F5A08006C3378 /* ContadorDia1UITests */,
			);
		};
/* End PBXProject section */

/* Begin PBXResourcesBuildPhase section */
		42946F2E270F59F6006C3378 /* Resources */ = {
			isa = PBXResourcesBuildPhase;
			buildActionMask = 2147483647;
			files = (
				42946F40270F5A07006C3378 /* LaunchScreen.storyboard in Resources */,
				42946F3D270F5A07006C3378 /* Assets.xcassets in Resources */,
				42946F3B270F59F6006C3378 /* Main.storyboard in Resources */,
			);
			runOnlyForDeploymentPostprocessing = 0;
		};
		42946F44270F5A08006C3378 /* Resources */ = {
			isa = PBXResourcesBuildPhase;
			buildActionMask = 2147483647;
			files = (
			);
			runOnlyForDeploymentPostprocessing = 0;
		};
		42946F4E270F5A08006C3378 /* Resources */ = {
			isa = PBXResourcesBuildPhase;
			buildActionMask = 2147483647;
			files = (
			);
			runOnlyForDeploymentPostprocessing = 0;
		};
/* End PBXResourcesBuildPhase section */

/* Begin PBXSourcesBuildPhase section */
		42946F2C270F59F6006C3378 /* Sources */ = {
			isa = PBXSourcesBuildPhase;
			buildActionMask = 2147483647;
			files = (
				42946F38270F59F6006C3378 /* ViewController.swift in Sources */,
				42946F34270F59F6006C3378 /* AppDelegate.swift in Sources */,
				42BC9200270FDCAC006860A8 /* Tarefas.swift in Sources */,
				42946F36270F59F6006C3378 /* SceneDelegate.swift in Sources */,
				42BC92042710759A006860A8 /* Unidade.swift in Sources */,
			);
			runOnlyForDeploymentPostprocessing = 0;
		};
		42946F42270F5A08006C3378 /* Sources */ = {
			isa = PBXSourcesBuildPhase;
			buildActionMask = 2147483647;
			files = (
				42946F4B270F5A08006C3378 /* ContadorDia1Tests.swift in Sources */,
			);
			runOnlyForDeploymentPostprocessing = 0;
		};
		42946F4C270F5A08006C3378 /* Sources */ = {
			isa = PBXSourcesBuildPhase;
			buildActionMask = 2147483647;
			files = (
				42946F55270F5A08006C3378 /* ContadorDia1UITests.swift in Sources */,
				42946F57270F5A08006C3378 /* ContadorDia1UITestsLaunchTests.swift in Sources */,
			);
			runOnlyForDeploymentPostprocessing = 0;
		};
/* End PBXSourcesBuildPhase section */

/* Begin PBXTargetDependency section */
		42946F48270F5A08006C3378 /* PBXTargetDependency */ = {
			isa = PBXTargetDependency;
			target = 42946F2F270F59F6006C3378 /* ContadorDia1 */;
			targetProxy = 42946F47270F5A08006C3378 /* PBXContainerItemProxy */;
		};
		42946F52270F5A08006C3378 /* PBXTargetDependency */ = {
			isa = PBXTargetDependency;
			target = 42946F2F270F59F6006C3378 /* ContadorDia1 */;
			targetProxy = 42946F51270F5A08006C3378 /* PBXContainerItemProxy */;
		};
/* End PBXTargetDependency section */

/* Begin PBXVariantGroup section */
		42946F39270F59F6006C3378 /* Main.storyboard */ = {
			isa = PBXVariantGroup;
			children = (
				42946F3A270F59F6006C3378 /* Base */,
			);
			name = Main.storyboard;
			sourceTree = "<group>";
		};
		42946F3E270F5A07006C3378 /* LaunchScreen.storyboard */ = {
			isa = PBXVariantGroup;
			children = (
				42946F3F270F5A07006C3378 /* Base */,
			);
			name = LaunchScreen.storyboard;
			sourceTree = "<group>";
		};
/* End PBXVariantGroup section */

/* Begin XCBuildConfiguration section */
		42946F58270F5A08006C3378 /* Debug */ = {
			isa = XCBuildConfiguration;
			buildSettings = {
				ALWAYS_SEARCH_USER_PATHS = NO;
				CLANG_ANALYZER_NONNULL = YES;
				CLANG_ANALYZER_NUMBER_OBJECT_CONVERSION = YES_AGGRESSIVE;
				CLANG_CXX_LANGUAGE_STANDARD = "gnu++17";
				CLANG_CXX_LIBRARY = "libc++";
				CLANG_ENABLE_MODULES = YES;
				CLANG_ENABLE_OBJC_ARC = YES;
				CLANG_ENABLE_OBJC_WEAK = YES;
				CLANG_WARN_BLOCK_CAPTURE_AUTORELEASING = YES;
				CLANG_WARN_BOOL_CONVERSION = YES;
				CLANG_WARN_COMMA = YES;
				CLANG_WARN_CONSTANT_CONVERSION = YES;
				CLANG_WARN_DEPRECATED_OBJC_IMPLEMENTATIONS = YES;
				CLANG_WARN_DIRECT_OBJC_ISA_USAGE = YES_ERROR;
				CLANG_WARN_DOCUMENTATION_COMMENTS = YES;
				CLANG_WARN_EMPTY_BODY = YES;
				CLANG_WARN_ENUM_CONVERSION = YES;
				CLANG_WARN_INFINITE_RECURSION = YES;
				CLANG_WARN_INT_CONVERSION = YES;
				CLANG_WARN_NON_LITERAL_NULL_CONVERSION = YES;
				CLANG_WARN_OBJC_IMPLICIT_RETAIN_SELF = YES;
				CLANG_WARN_OBJC_LITERAL_CONVERSION = YES;
				CLANG_WARN_OBJC_ROOT_CLASS = YES_ERROR;
				CLANG_WARN_QUOTED_INCLUDE_IN_FRAMEWORK_HEADER = YES;
				CLANG_WARN_RANGE_LOOP_ANALYSIS = YES;
				CLANG_WARN_STRICT_PROTOTYPES = YES;
				CLANG_WARN_SUSPICIOUS_MOVE = YES;
				CLANG_WARN_UNGUARDED_AVAILABILITY = YES_AGGRESSIVE;
				CLANG_WARN_UNREACHABLE_CODE = YES;
				CLANG_WARN__DUPLICATE_METHOD_MATCH = YES;
				COPY_PHASE_STRIP = NO;
				DEBUG_INFORMATION_FORMAT = dwarf;
				ENABLE_STRICT_OBJC_MSGSEND = YES;
				ENABLE_TESTABILITY = YES;
				GCC_C_LANGUAGE_STANDARD = gnu11;
				GCC_DYNAMIC_NO_PIC = NO;
				GCC_NO_COMMON_BLOCKS = YES;
				GCC_OPTIMIZATION_LEVEL = 0;
				GCC_PREPROCESSOR_DEFINITIONS = (
					"DEBUG=1",
					"$(inherited)",
				);
				GCC_WARN_64_TO_32_BIT_CONVERSION = YES;
				GCC_WARN_ABOUT_RETURN_TYPE = YES_ERROR;
				GCC_WARN_UNDECLARED_SELECTOR = YES;
				GCC_WARN_UNINITIALIZED_AUTOS = YES_AGGRESSIVE;
				GCC_WARN_UNUSED_FUNCTION = YES;
				GCC_WARN_UNUSED_VARIABLE = YES;
				IPHONEOS_DEPLOYMENT_TARGET = 15.0;
				MTL_ENABLE_DEBUG_INFO = INCLUDE_SOURCE;
				MTL_FAST_MATH = YES;
				ONLY_ACTIVE_ARCH = YES;
				SDKROOT = iphoneos;
				SWIFT_ACTIVE_COMPILATION_CONDITIONS = DEBUG;
				SWIFT_OPTIMIZATION_LEVEL = "-Onone";
			};
			name = Debug;
		};
		42946F59270F5A08006C3378 /* Release */ = {
			isa = XCBuildConfiguration;
			buildSettings = {
				ALWAYS_SEARCH_USER_PATHS = NO;
				CLANG_ANALYZER_NONNULL = YES;
				CLANG_ANALYZER_NUMBER_OBJECT_CONVERSION = YES_AGGRESSIVE;
				CLANG_CXX_LANGUAGE_STANDARD = "gnu++17";
				CLANG_CXX_LIBRARY = "libc++";
				CLANG_ENABLE_MODULES = YES;
				CLANG_ENABLE_OBJC_ARC = YES;
				CLANG_ENABLE_OBJC_WEAK = YES;
				CLANG_WARN_BLOCK_CAPTURE_AUTORELEASING = YES;
				CLANG_WARN_BOOL_CONVERSION = YES;
				CLANG_WARN_COMMA = YES;
				CLANG_WARN_CONSTANT_CONVERSION = YES;
				CLANG_WARN_DEPRECATED_OBJC_IMPLEMENTATIONS = YES;
				CLANG_WARN_DIRECT_OBJC_ISA_USAGE = YES_ERROR;
				CLANG_WARN_DOCUMENTATION_COMMENTS = YES;
				CLANG_WARN_EMPTY_BODY = YES;
				CLANG_WARN_ENUM_CONVERSION = YES;
				CLANG_WARN_INFINITE_RECURSION = YES;
				CLANG_WARN_INT_CONVERSION = YES;
				CLANG_WARN_NON_LITERAL_NULL_CONVERSION = YES;
				CLANG_WARN_OBJC_IMPLICIT_RETAIN_SELF = YES;
				CLANG_WARN_OBJC_LITERAL_CONVERSION = YES;
				CLANG_WARN_OBJC_ROOT_CLASS = YES_ERROR;
				CLANG_WARN_QUOTED_INCLUDE_IN_FRAMEWORK_HEADER = YES;
				CLANG_WARN_RANGE_LOOP_ANALYSIS = YES;
				CLANG_WARN_STRICT_PROTOTYPES = YES;
				CLANG_WARN_SUSPICIOUS_MOVE = YES;
				CLANG_WARN_UNGUARDED_AVAILABILITY = YES_AGGRESSIVE;
				CLANG_WARN_UNREACHABLE_CODE = YES;
				CLANG_WARN__DUPLICATE_METHOD_MATCH = YES;
				COPY_PHASE_STRIP = NO;
				DEBUG_INFORMATION_FORMAT = "dwarf-with-dsym";
				ENABLE_NS_ASSERTIONS = NO;
				ENABLE_STRICT_OBJC_MSGSEND = YES;
				GCC_C_LANGUAGE_STANDARD = gnu11;
				GCC_NO_COMMON_BLOCKS = YES;
				GCC_WARN_64_TO_32_BIT_CONVERSION = YES;
				GCC_WARN_ABOUT_RETURN_TYPE = YES_ERROR;
				GCC_WARN_UNDECLARED_SELECTOR = YES;
				GCC_WARN_UNINITIALIZED_AUTOS = YES_AGGRESSIVE;
				GCC_WARN_UNUSED_FUNCTION = YES;
				GCC_WARN_UNUSED_VARIABLE = YES;
				IPHONEOS_DEPLOYMENT_TARGET = 15.0;
				MTL_ENABLE_DEBUG_INFO = NO;
				MTL_FAST_MATH = YES;
				SDKROOT = iphoneos;
				SWIFT_COMPILATION_MODE = wholemodule;
				SWIFT_OPTIMIZATION_LEVEL = "-O";
				VALIDATE_PRODUCT = YES;
			};
			name = Release;
		};
		42946F5B270F5A08006C3378 /* Debug */ = {
			isa = XCBuildConfiguration;
			buildSettings = {
				ASSETCATALOG_COMPILER_APPICON_NAME = AppIcon;
				ASSETCATALOG_COMPILER_GLOBAL_ACCENT_COLOR_NAME = AccentColor;
				CODE_SIGN_STYLE = Automatic;
				CURRENT_PROJECT_VERSION = 1;
				DEVELOPMENT_TEAM = GBZ9YXFDYJ;
				GENERATE_INFOPLIST_FILE = YES;
				INFOPLIST_FILE = ContadorDia1/Info.plist;
				INFOPLIST_KEY_UIApplicationSupportsIndirectInputEvents = YES;
				INFOPLIST_KEY_UILaunchStoryboardName = LaunchScreen;
				INFOPLIST_KEY_UIMainStoryboardFile = Main;
				INFOPLIST_KEY_UISupportedInterfaceOrientations_iPad = "UIInterfaceOrientationPortrait UIInterfaceOrientationPortraitUpsideDown UIInterfaceOrientationLandscapeLeft UIInterfaceOrientationLandscapeRight";
				INFOPLIST_KEY_UISupportedInterfaceOrientations_iPhone = "UIInterfaceOrientationPortrait UIInterfaceOrientationLandscapeLeft UIInterfaceOrientationLandscapeRight";
				LD_RUNPATH_SEARCH_PATHS = (
					"$(inherited)",
					"@executable_path/Frameworks",
				);
				MARKETING_VERSION = 1.0;
				PRODUCT_BUNDLE_IDENTIFIER = pedro.gomes.ContadorDia1;
				PRODUCT_NAME = "$(TARGET_NAME)";
				SWIFT_EMIT_LOC_STRINGS = YES;
				SWIFT_VERSION = 5.0;
				TARGETED_DEVICE_FAMILY = "1,2";
			};
			name = Debug;
		};
		42946F5C270F5A08006C3378 /* Release */ = {
			isa = XCBuildConfiguration;
			buildSettings = {
				ASSETCATALOG_COMPILER_APPICON_NAME = AppIcon;
				ASSETCATALOG_COMPILER_GLOBAL_ACCENT_COLOR_NAME = AccentColor;
				CODE_SIGN_STYLE = Automatic;
				CURRENT_PROJECT_VERSION = 1;
				DEVELOPMENT_TEAM = GBZ9YXFDYJ;
				GENERATE_INFOPLIST_FILE = YES;
				INFOPLIST_FILE = ContadorDia1/Info.plist;
				INFOPLIST_KEY_UIApplicationSupportsIndirectInputEvents = YES;
				INFOPLIST_KEY_UILaunchStoryboardName = LaunchScreen;
				INFOPLIST_KEY_UIMainStoryboardFile = Main;
				INFOPLIST_KEY_UISupportedInterfaceOrientations_iPad = "UIInterfaceOrientationPortrait UIInterfaceOrientationPortraitUpsideDown UIInterfaceOrientationLandscapeLeft UIInterfaceOrientationLandscapeRight";
				INFOPLIST_KEY_UISupportedInterfaceOrientations_iPhone = "UIInterfaceOrientationPortrait UIInterfaceOrientationLandscapeLeft UIInterfaceOrientationLandscapeRight";
				LD_RUNPATH_SEARCH_PATHS = (
					"$(inherited)",
					"@executable_path/Frameworks",
				);
				MARKETING_VERSION = 1.0;
				PRODUCT_BUNDLE_IDENTIFIER = pedro.gomes.ContadorDia1;
				PRODUCT_NAME = "$(TARGET_NAME)";
				SWIFT_EMIT_LOC_STRINGS = YES;
				SWIFT_VERSION = 5.0;
				TARGETED_DEVICE_FAMILY = "1,2";
			};
			name = Release;
		};
		42946F5E270F5A08006C3378 /* Debug */ = {
			isa = XCBuildConfiguration;
			buildSettings = {
				ALWAYS_EMBED_SWIFT_STANDARD_LIBRARIES = YES;
				BUNDLE_LOADER = "$(TEST_HOST)";
				CODE_SIGN_STYLE = Automatic;
				CURRENT_PROJECT_VERSION = 1;
				DEVELOPMENT_TEAM = GBZ9YXFDYJ;
				GENERATE_INFOPLIST_FILE = YES;
				IPHONEOS_DEPLOYMENT_TARGET = 15.0;
				LD_RUNPATH_SEARCH_PATHS = (
					"$(inherited)",
					"@executable_path/Frameworks",
					"@loader_path/Frameworks",
				);
				MARKETING_VERSION = 1.0;
				PRODUCT_BUNDLE_IDENTIFIER = pedro.gomes.ContadorDia1Tests;
				PRODUCT_NAME = "$(TARGET_NAME)";
				SWIFT_EMIT_LOC_STRINGS = NO;
				SWIFT_VERSION = 5.0;
				TARGETED_DEVICE_FAMILY = "1,2";
				TEST_HOST = "$(BUILT_PRODUCTS_DIR)/ContadorDia1.app/ContadorDia1";
			};
			name = Debug;
		};
		42946F5F270F5A08006C3378 /* Release */ = {
			isa = XCBuildConfiguration;
			buildSettings = {
				ALWAYS_EMBED_SWIFT_STANDARD_LIBRARIES = YES;
				BUNDLE_LOADER = "$(TEST_HOST)";
				CODE_SIGN_STYLE = Automatic;
				CURRENT_PROJECT_VERSION = 1;
				DEVELOPMENT_TEAM = GBZ9YXFDYJ;
				GENERATE_INFOPLIST_FILE = YES;
				IPHONEOS_DEPLOYMENT_TARGET = 15.0;
				LD_RUNPATH_SEARCH_PATHS = (
					"$(inherited)",
					"@executable_path/Frameworks",
					"@loader_path/Frameworks",
				);
				MARKETING_VERSION = 1.0;
				PRODUCT_BUNDLE_IDENTIFIER = pedro.gomes.ContadorDia1Tests;
				PRODUCT_NAME = "$(TARGET_NAME)";
				SWIFT_EMIT_LOC_STRINGS = NO;
				SWIFT_VERSION = 5.0;
				TARGETED_DEVICE_FAMILY = "1,2";
				TEST_HOST = "$(BUILT_PRODUCTS_DIR)/ContadorDia1.app/ContadorDia1";
			};
			name = Release;
		};
		42946F61270F5A08006C3378 /* Debug */ = {
			isa = XCBuildConfiguration;
			buildSettings = {
				ALWAYS_EMBED_SWIFT_STANDARD_LIBRARIES = YES;
				CODE_SIGN_STYLE = Automatic;
				CURRENT_PROJECT_VERSION = 1;
				DEVELOPMENT_TEAM = GBZ9YXFDYJ;
				GENERATE_INFOPLIST_FILE = YES;
				LD_RUNPATH_SEARCH_PATHS = (
					"$(inherited)",
					"@executable_path/Frameworks",
					"@loader_path/Frameworks",
				);
				MARKETING_VERSION = 1.0;
				PRODUCT_BUNDLE_IDENTIFIER = pedro.gomes.ContadorDia1UITests;
				PRODUCT_NAME = "$(TARGET_NAME)";
				SWIFT_EMIT_LOC_STRINGS = NO;
				SWIFT_VERSION = 5.0;
				TARGETED_DEVICE_FAMILY = "1,2";
				TEST_TARGET_NAME = ContadorDia1;
			};
			name = Debug;
		};
		42946F62270F5A08006C3378 /* Release */ = {
			isa = XCBuildConfiguration;
			buildSettings = {
				ALWAYS_EMBED_SWIFT_STANDARD_LIBRARIES = YES;
				CODE_SIGN_STYLE = Automatic;
				CURRENT_PROJECT_VERSION = 1;
				DEVELOPMENT_TEAM = GBZ9YXFDYJ;
				GENERATE_INFOPLIST_FILE = YES;
				LD_RUNPATH_SEARCH_PATHS = (
					"$(inherited)",
					"@executable_path/Frameworks",
					"@loader_path/Frameworks",
				);
				MARKETING_VERSION = 1.0;
				PRODUCT_BUNDLE_IDENTIFIER = pedro.gomes.ContadorDia1UITests;
				PRODUCT_NAME = "$(TARGET_NAME)";
				SWIFT_EMIT_LOC_STRINGS = NO;
				SWIFT_VERSION = 5.0;
				TARGETED_DEVICE_FAMILY = "1,2";
				TEST_TARGET_NAME = ContadorDia1;
			};
			name = Release;
		};
/* End XCBuildConfiguration section */

/* Begin XCConfigurationList section */
		42946F2B270F59F6006C3378 /* Build configuration list for PBXProject "ContadorDia1" */ = {
			isa = XCConfigurationList;
			buildConfigurations = (
				42946F58270F5A08006C3378 /* Debug */,
				42946F59270F5A08006C3378 /* Release */,
			);
			defaultConfigurationIsVisible = 0;
			defaultConfigurationName = Release;
		};
		42946F5A270F5A08006C3378 /* Build configuration list for PBXNativeTarget "ContadorDia1" */ = {
			isa = XCConfigurationList;
			buildConfigurations = (
				42946F5B270F5A08006C3378 /* Debug */,
				42946F5C270F5A08006C3378 /* Release */,
			);
			defaultConfigurationIsVisible = 0;
			defaultConfigurationName = Release;
		};
		42946F5D270F5A08006C3378 /* Build configuration list for PBXNativeTarget "ContadorDia1Tests" */ = {
			isa = XCConfigurationList;
			buildConfigurations = (
				42946F5E270F5A08006C3378 /* Debug */,
				42946F5F270F5A08006C3378 /* Release */,
			);
			defaultConfigurationIsVisible = 0;
			defaultConfigurationName = Release;
		};
		42946F60270F5A08006C3378 /* Build configuration list for PBXNativeTarget "ContadorDia1UITests" */ = {
			isa = XCConfigurationList;
			buildConfigurations = (
				42946F61270F5A08006C3378 /* Debug */,
				42946F62270F5A08006C3378 /* Release */,
			);
			defaultConfigurationIsVisible = 0;
			defaultConfigurationName = Release;
		};
/* End XCConfigurationList section */
	};
	rootObject = 42946F28270F59F6006C3378 /* Project object */;
}
